// !$*UTF8*$!
{
	archiveVersion = 1;
	classes = {
	};
	objectVersion = 52;
	objects = {

/* Begin PBXBuildFile section */
		41364CC8248C6028007EBA46 /* TestStore.swift in Sources */ = {isa = PBXBuildFile; fileRef = 41364C99248C6028007EBA46 /* TestStore.swift */; };
		41364CC9248C6028007EBA46 /* Reducer.swift in Sources */ = {isa = PBXBuildFile; fileRef = 41364C9A248C6028007EBA46 /* Reducer.swift */; };
		41364CCA248C6028007EBA46 /* Publisher+asObservable.swift in Sources */ = {isa = PBXBuildFile; fileRef = 41364C9C248C6028007EBA46 /* Publisher+asObservable.swift */; };
		41364CCB248C6028007EBA46 /* Observable+asPublisher.swift in Sources */ = {isa = PBXBuildFile; fileRef = 41364C9D248C6028007EBA46 /* Observable+asPublisher.swift */; };
		41364CCC248C6028007EBA46 /* TestScheduler.swift in Sources */ = {isa = PBXBuildFile; fileRef = 41364C9F248C6028007EBA46 /* TestScheduler.swift */; };
		41364CCD248C6028007EBA46 /* AnyScheduler.swift in Sources */ = {isa = PBXBuildFile; fileRef = 41364CA0248C6028007EBA46 /* AnyScheduler.swift */; };
		41364CCE248C6028007EBA46 /* IfLetUIKit.swift in Sources */ = {isa = PBXBuildFile; fileRef = 41364CA2248C6028007EBA46 /* IfLetUIKit.swift */; };
		41364CCF248C6028007EBA46 /* ReducerDebugging.swift in Sources */ = {isa = PBXBuildFile; fileRef = 41364CA4248C6028007EBA46 /* ReducerDebugging.swift */; };
		41364CD0248C6028007EBA46 /* Diff.swift in Sources */ = {isa = PBXBuildFile; fileRef = 41364CA6248C6028007EBA46 /* Diff.swift */; };
		41364CD1248C6028007EBA46 /* Deprecations.swift in Sources */ = {isa = PBXBuildFile; fileRef = 41364CA7248C6028007EBA46 /* Deprecations.swift */; };
		41364CD2248C6028007EBA46 /* Throttling.swift in Sources */ = {isa = PBXBuildFile; fileRef = 41364CA8248C6028007EBA46 /* Throttling.swift */; };
		41364CD3248C6028007EBA46 /* Exports.swift in Sources */ = {isa = PBXBuildFile; fileRef = 41364CA9248C6028007EBA46 /* Exports.swift */; };
		41364CD4248C6028007EBA46 /* Debug.swift in Sources */ = {isa = PBXBuildFile; fileRef = 41364CAA248C6028007EBA46 /* Debug.swift */; };
		41364CD5248C6028007EBA46 /* Create.swift in Sources */ = {isa = PBXBuildFile; fileRef = 41364CAB248C6028007EBA46 /* Create.swift */; };
		41364CD6248C6028007EBA46 /* Locking.swift in Sources */ = {isa = PBXBuildFile; fileRef = 41364CAC248C6028007EBA46 /* Locking.swift */; };
		41364CD7248C6028007EBA46 /* Effect.swift in Sources */ = {isa = PBXBuildFile; fileRef = 41364CAD248C6028007EBA46 /* Effect.swift */; };
		41364CD8248C6028007EBA46 /* Effect+Combine.swift in Sources */ = {isa = PBXBuildFile; fileRef = 41364CAE248C6028007EBA46 /* Effect+Combine.swift */; };
		41364CD9248C6028007EBA46 /* Effect+failure.swift in Sources */ = {isa = PBXBuildFile; fileRef = 41364CAF248C6028007EBA46 /* Effect+failure.swift */; };
		41364CDA248C6028007EBA46 /* ViewStore+Combine.swift in Sources */ = {isa = PBXBuildFile; fileRef = 41364CB0248C6028007EBA46 /* ViewStore+Combine.swift */; };
		41364CDB248C6028007EBA46 /* Store.swift in Sources */ = {isa = PBXBuildFile; fileRef = 41364CB1248C6028007EBA46 /* Store.swift */; };
		41364CDC248C6028007EBA46 /* Store+Combine.swift in Sources */ = {isa = PBXBuildFile; fileRef = 41364CB2248C6028007EBA46 /* Store+Combine.swift */; };
		41364CDD248C6028007EBA46 /* Timer.swift in Sources */ = {isa = PBXBuildFile; fileRef = 41364CB4248C6028007EBA46 /* Timer.swift */; };
		41364CDE248C6028007EBA46 /* Cancellation.swift in Sources */ = {isa = PBXBuildFile; fileRef = 41364CB5248C6028007EBA46 /* Cancellation.swift */; };
		41364CDF248C6028007EBA46 /* Debouncing.swift in Sources */ = {isa = PBXBuildFile; fileRef = 41364CB6248C6028007EBA46 /* Debouncing.swift */; };
		41364CE0248C6028007EBA46 /* ViewStore.swift in Sources */ = {isa = PBXBuildFile; fileRef = 41364CB7248C6028007EBA46 /* ViewStore.swift */; };
		41364CE1248C6028007EBA46 /* IdentifiedArray.swift in Sources */ = {isa = PBXBuildFile; fileRef = 41364CB9248C6028007EBA46 /* IdentifiedArray.swift */; };
		41364CE2248C6028007EBA46 /* Identified.swift in Sources */ = {isa = PBXBuildFile; fileRef = 41364CBA248C6028007EBA46 /* Identified.swift */; };
		41364CE3248C6028007EBA46 /* IfLetStore.swift in Sources */ = {isa = PBXBuildFile; fileRef = 41364CBB248C6028007EBA46 /* IfLetStore.swift */; };
		41364CE4248C6028007EBA46 /* Identifiable.swift in Sources */ = {isa = PBXBuildFile; fileRef = 41364CBC248C6028007EBA46 /* Identifiable.swift */; };
		41364CE5248C6028007EBA46 /* ForEachStore.swift in Sources */ = {isa = PBXBuildFile; fileRef = 41364CBD248C6028007EBA46 /* ForEachStore.swift */; };
		41364CE6248C6028007EBA46 /* WithViewStore.swift in Sources */ = {isa = PBXBuildFile; fileRef = 41364CBE248C6028007EBA46 /* WithViewStore.swift */; };
		41626031248D2D6E003FCAA8 /* Mock.swift in Sources */ = {isa = PBXBuildFile; fileRef = 41364C8C248C6028007EBA46 /* Mock.swift */; };
		41626032248D2D6E003FCAA8 /* Exports.swift in Sources */ = {isa = PBXBuildFile; fileRef = 41364C8E248C6028007EBA46 /* Exports.swift */; };
		41626033248D2D6E003FCAA8 /* Location.swift in Sources */ = {isa = PBXBuildFile; fileRef = 41364C90248C6028007EBA46 /* Location.swift */; };
		41626034248D2D6E003FCAA8 /* Beacon.swift in Sources */ = {isa = PBXBuildFile; fileRef = 41364C91248C6028007EBA46 /* Beacon.swift */; };
		41626035248D2D6E003FCAA8 /* Heading.swift in Sources */ = {isa = PBXBuildFile; fileRef = 41364C92248C6028007EBA46 /* Heading.swift */; };
		41626036248D2D6E003FCAA8 /* Region.swift in Sources */ = {isa = PBXBuildFile; fileRef = 41364C93248C6028007EBA46 /* Region.swift */; };
		41626037248D2D6E003FCAA8 /* Visit.swift in Sources */ = {isa = PBXBuildFile; fileRef = 41364C94248C6028007EBA46 /* Visit.swift */; };
		41626038248D2D6E003FCAA8 /* Live.swift in Sources */ = {isa = PBXBuildFile; fileRef = 41364C95248C6028007EBA46 /* Live.swift */; };
		41626039248D2D6E003FCAA8 /* Interface.swift in Sources */ = {isa = PBXBuildFile; fileRef = 41364C96248C6028007EBA46 /* Interface.swift */; };
		4162603C248D2DD1003FCAA8 /* Cartfile in Resources */ = {isa = PBXBuildFile; fileRef = 4162603A248D2DD1003FCAA8 /* Cartfile */; };
		4162603D248D2DD1003FCAA8 /* Cartfile.resolved in Resources */ = {isa = PBXBuildFile; fileRef = 4162603B248D2DD1003FCAA8 /* Cartfile.resolved */; };
		41626042248D2E14003FCAA8 /* RxRelay.framework in Frameworks */ = {isa = PBXBuildFile; fileRef = 4162603F248D2E14003FCAA8 /* RxRelay.framework */; };
		41626043248D2E14003FCAA8 /* RxRelay.framework in Embed Frameworks */ = {isa = PBXBuildFile; fileRef = 4162603F248D2E14003FCAA8 /* RxRelay.framework */; settings = {ATTRIBUTES = (CodeSignOnCopy, RemoveHeadersOnCopy, ); }; };
		41626044248D2E14003FCAA8 /* RxCocoa.framework in Frameworks */ = {isa = PBXBuildFile; fileRef = 41626040248D2E14003FCAA8 /* RxCocoa.framework */; };
		41626045248D2E14003FCAA8 /* RxCocoa.framework in Embed Frameworks */ = {isa = PBXBuildFile; fileRef = 41626040248D2E14003FCAA8 /* RxCocoa.framework */; settings = {ATTRIBUTES = (CodeSignOnCopy, RemoveHeadersOnCopy, ); }; };
		41626046248D2E14003FCAA8 /* RxSwift.framework in Frameworks */ = {isa = PBXBuildFile; fileRef = 41626041248D2E14003FCAA8 /* RxSwift.framework */; };
		41626047248D2E14003FCAA8 /* RxSwift.framework in Embed Frameworks */ = {isa = PBXBuildFile; fileRef = 41626041248D2E14003FCAA8 /* RxSwift.framework */; settings = {ATTRIBUTES = (CodeSignOnCopy, RemoveHeadersOnCopy, ); }; };
		4162604E248D31E3003FCAA8 /* EnumReflection.swift in Sources */ = {isa = PBXBuildFile; fileRef = 4162604A248D31E3003FCAA8 /* EnumReflection.swift */; };
		4162604F248D31E3003FCAA8 /* CasePaths.swift in Sources */ = {isa = PBXBuildFile; fileRef = 4162604B248D31E3003FCAA8 /* CasePaths.swift */; };
		41626050248D31E3003FCAA8 /* CasePath.swift in Sources */ = {isa = PBXBuildFile; fileRef = 4162604C248D31E3003FCAA8 /* CasePath.swift */; };
		41626051248D31E3003FCAA8 /* Operators.swift in Sources */ = {isa = PBXBuildFile; fileRef = 4162604D248D31E3003FCAA8 /* Operators.swift */; };
		41626079248D49CA003FCAA8 /* ComposableArchitecture.framework in Frameworks */ = {isa = PBXBuildFile; fileRef = 4168FAFC248C5D4700CD8FB5 /* ComposableArchitecture.framework */; platformFilter = ios; };
		4162607F248D4AB2003FCAA8 /* ComposableArchitectureTests.swift in Sources */ = {isa = PBXBuildFile; fileRef = 41626054248D4983003FCAA8 /* ComposableArchitectureTests.swift */; };
		41626080248D4AB2003FCAA8 /* MemoryManagementTests.swift in Sources */ = {isa = PBXBuildFile; fileRef = 41626055248D4983003FCAA8 /* MemoryManagementTests.swift */; };
		41626081248D4AB2003FCAA8 /* ReducerTests.swift in Sources */ = {isa = PBXBuildFile; fileRef = 41626056248D4983003FCAA8 /* ReducerTests.swift */; };
		41626082248D4AB2003FCAA8 /* SchedulerTests.swift in Sources */ = {isa = PBXBuildFile; fileRef = 41626057248D4983003FCAA8 /* SchedulerTests.swift */; };
		41626083248D4AB2003FCAA8 /* EffectThrottleTests.swift in Sources */ = {isa = PBXBuildFile; fileRef = 41626059248D4983003FCAA8 /* EffectThrottleTests.swift */; };
		41626084248D4AB2003FCAA8 /* EffectDebounceTests.swift in Sources */ = {isa = PBXBuildFile; fileRef = 4162605A248D4983003FCAA8 /* EffectDebounceTests.swift */; };
		41626085248D4AB2003FCAA8 /* EffectTests.swift in Sources */ = {isa = PBXBuildFile; fileRef = 4162605B248D4983003FCAA8 /* EffectTests.swift */; };
		41626086248D4AB2003FCAA8 /* IdentifiedArrayTests.swift in Sources */ = {isa = PBXBuildFile; fileRef = 4162605C248D4983003FCAA8 /* IdentifiedArrayTests.swift */; };
		41626087248D4AB2003FCAA8 /* TimerTests.swift in Sources */ = {isa = PBXBuildFile; fileRef = 4162605D248D4983003FCAA8 /* TimerTests.swift */; };
		41626088248D4AB2003FCAA8 /* DebugTests.swift in Sources */ = {isa = PBXBuildFile; fileRef = 4162605E248D4983003FCAA8 /* DebugTests.swift */; };
		41626089248D4AB2003FCAA8 /* EffectCancellationTests.swift in Sources */ = {isa = PBXBuildFile; fileRef = 4162605F248D4983003FCAA8 /* EffectCancellationTests.swift */; };
		4162608A248D4AB2003FCAA8 /* StoreTests.swift in Sources */ = {isa = PBXBuildFile; fileRef = 41626060248D4983003FCAA8 /* StoreTests.swift */; };
		41626094248D4B98003FCAA8 /* ComposableCoreLocation.framework in Frameworks */ = {isa = PBXBuildFile; fileRef = 41626029248D2CBA003FCAA8 /* ComposableCoreLocation.framework */; };
		4162609A248D4C4A003FCAA8 /* ComposableArchitecture.framework in Frameworks */ = {isa = PBXBuildFile; fileRef = 4168FAFC248C5D4700CD8FB5 /* ComposableArchitecture.framework */; };
		4162609B248D4C4A003FCAA8 /* ComposableArchitecture.framework in Embed Frameworks */ = {isa = PBXBuildFile; fileRef = 4168FAFC248C5D4700CD8FB5 /* ComposableArchitecture.framework */; settings = {ATTRIBUTES = (CodeSignOnCopy, RemoveHeadersOnCopy, ); }; };
		4162609F248D4D32003FCAA8 /* RxCocoa.framework in Frameworks */ = {isa = PBXBuildFile; fileRef = 41626040248D2E14003FCAA8 /* RxCocoa.framework */; };
		416260A0248D4D32003FCAA8 /* RxCocoa.framework in Embed Frameworks */ = {isa = PBXBuildFile; fileRef = 41626040248D2E14003FCAA8 /* RxCocoa.framework */; settings = {ATTRIBUTES = (CodeSignOnCopy, RemoveHeadersOnCopy, ); }; };
		416260A1248D4D33003FCAA8 /* RxRelay.framework in Frameworks */ = {isa = PBXBuildFile; fileRef = 4162603F248D2E14003FCAA8 /* RxRelay.framework */; };
		416260A2248D4D33003FCAA8 /* RxRelay.framework in Embed Frameworks */ = {isa = PBXBuildFile; fileRef = 4162603F248D2E14003FCAA8 /* RxRelay.framework */; settings = {ATTRIBUTES = (CodeSignOnCopy, RemoveHeadersOnCopy, ); }; };
		416260A3248D4D33003FCAA8 /* RxSwift.framework in Frameworks */ = {isa = PBXBuildFile; fileRef = 41626041248D2E14003FCAA8 /* RxSwift.framework */; };
		416260A4248D4D33003FCAA8 /* RxSwift.framework in Embed Frameworks */ = {isa = PBXBuildFile; fileRef = 41626041248D2E14003FCAA8 /* RxSwift.framework */; settings = {ATTRIBUTES = (CodeSignOnCopy, RemoveHeadersOnCopy, ); }; };
		416260A6248D522C003FCAA8 /* ComposableCoreLocationTests.swift in Sources */ = {isa = PBXBuildFile; fileRef = 41626062248D4983003FCAA8 /* ComposableCoreLocationTests.swift */; };
		416260AA2499667D003FCAA8 /* RxRelay.framework in Frameworks */ = {isa = PBXBuildFile; fileRef = 4162603F248D2E14003FCAA8 /* RxRelay.framework */; platformFilter = ios; };
		416260AB2499667D003FCAA8 /* RxSwift.framework in Frameworks */ = {isa = PBXBuildFile; fileRef = 41626041248D2E14003FCAA8 /* RxSwift.framework */; platformFilter = ios; };
		416260AC249968A0003FCAA8 /* RxCocoa.framework in Frameworks */ = {isa = PBXBuildFile; fileRef = 41626040248D2E14003FCAA8 /* RxCocoa.framework */; platformFilter = ios; };
		416260B324996ABC003FCAA8 /* RxSwift.framework in CopyFiles */ = {isa = PBXBuildFile; fileRef = 416260B024996ABC003FCAA8 /* RxSwift.framework */; settings = {ATTRIBUTES = (CodeSignOnCopy, RemoveHeadersOnCopy, ); }; };
		416260B424996ABC003FCAA8 /* RxCocoa.framework in CopyFiles */ = {isa = PBXBuildFile; fileRef = 416260B124996ABC003FCAA8 /* RxCocoa.framework */; settings = {ATTRIBUTES = (CodeSignOnCopy, RemoveHeadersOnCopy, ); }; };
		416260B524996ABC003FCAA8 /* RxRelay.framework in CopyFiles */ = {isa = PBXBuildFile; fileRef = 416260B224996ABC003FCAA8 /* RxRelay.framework */; settings = {ATTRIBUTES = (CodeSignOnCopy, RemoveHeadersOnCopy, ); }; };
/* End PBXBuildFile section */

/* Begin PBXContainerItemProxy section */
		4162607A248D49CA003FCAA8 /* PBXContainerItemProxy */ = {
			isa = PBXContainerItemProxy;
			containerPortal = 4168FAF3248C5D4700CD8FB5 /* Project object */;
			proxyType = 1;
			remoteGlobalIDString = 4168FAFB248C5D4700CD8FB5;
			remoteInfo = ComposableArchitecture;
		};
		41626095248D4B98003FCAA8 /* PBXContainerItemProxy */ = {
			isa = PBXContainerItemProxy;
			containerPortal = 4168FAF3248C5D4700CD8FB5 /* Project object */;
			proxyType = 1;
			remoteGlobalIDString = 41626028248D2CBA003FCAA8;
			remoteInfo = ComposableCoreLocation;
		};
		4162609C248D4C4A003FCAA8 /* PBXContainerItemProxy */ = {
			isa = PBXContainerItemProxy;
			containerPortal = 4168FAF3248C5D4700CD8FB5 /* Project object */;
			proxyType = 1;
			remoteGlobalIDString = 4168FAFB248C5D4700CD8FB5;
			remoteInfo = ComposableArchitecture;
		};
/* End PBXContainerItemProxy section */

/* Begin PBXCopyFilesBuildPhase section */
		41626048248D2E15003FCAA8 /* Embed Frameworks */ = {
			isa = PBXCopyFilesBuildPhase;
			buildActionMask = 2147483647;
			dstPath = "";
			dstSubfolderSpec = 10;
			files = (
				41626045248D2E14003FCAA8 /* RxCocoa.framework in Embed Frameworks */,
				41626043248D2E14003FCAA8 /* RxRelay.framework in Embed Frameworks */,
				41626047248D2E14003FCAA8 /* RxSwift.framework in Embed Frameworks */,
			);
			name = "Embed Frameworks";
			runOnlyForDeploymentPostprocessing = 0;
		};
		4162609E248D4C4A003FCAA8 /* Embed Frameworks */ = {
			isa = PBXCopyFilesBuildPhase;
			buildActionMask = 2147483647;
			dstPath = "";
			dstSubfolderSpec = 10;
			files = (
				416260A4248D4D33003FCAA8 /* RxSwift.framework in Embed Frameworks */,
				416260A0248D4D32003FCAA8 /* RxCocoa.framework in Embed Frameworks */,
				4162609B248D4C4A003FCAA8 /* ComposableArchitecture.framework in Embed Frameworks */,
				416260A2248D4D33003FCAA8 /* RxRelay.framework in Embed Frameworks */,
			);
			name = "Embed Frameworks";
			runOnlyForDeploymentPostprocessing = 0;
		};
		416260AF24996A97003FCAA8 /* CopyFiles */ = {
			isa = PBXCopyFilesBuildPhase;
			buildActionMask = 2147483647;
			dstPath = "";
			dstSubfolderSpec = 10;
			files = (
				416260B324996ABC003FCAA8 /* RxSwift.framework in CopyFiles */,
				416260B424996ABC003FCAA8 /* RxCocoa.framework in CopyFiles */,
				416260B524996ABC003FCAA8 /* RxRelay.framework in CopyFiles */,
			);
			runOnlyForDeploymentPostprocessing = 0;
		};
/* End PBXCopyFilesBuildPhase section */

/* Begin PBXFileReference section */
		41364C8C248C6028007EBA46 /* Mock.swift */ = {isa = PBXFileReference; fileEncoding = 4; lastKnownFileType = sourcecode.swift; path = Mock.swift; sourceTree = "<group>"; };
		41364C8E248C6028007EBA46 /* Exports.swift */ = {isa = PBXFileReference; fileEncoding = 4; lastKnownFileType = sourcecode.swift; path = Exports.swift; sourceTree = "<group>"; };
		41364C90248C6028007EBA46 /* Location.swift */ = {isa = PBXFileReference; fileEncoding = 4; lastKnownFileType = sourcecode.swift; path = Location.swift; sourceTree = "<group>"; };
		41364C91248C6028007EBA46 /* Beacon.swift */ = {isa = PBXFileReference; fileEncoding = 4; lastKnownFileType = sourcecode.swift; path = Beacon.swift; sourceTree = "<group>"; };
		41364C92248C6028007EBA46 /* Heading.swift */ = {isa = PBXFileReference; fileEncoding = 4; lastKnownFileType = sourcecode.swift; path = Heading.swift; sourceTree = "<group>"; };
		41364C93248C6028007EBA46 /* Region.swift */ = {isa = PBXFileReference; fileEncoding = 4; lastKnownFileType = sourcecode.swift; path = Region.swift; sourceTree = "<group>"; };
		41364C94248C6028007EBA46 /* Visit.swift */ = {isa = PBXFileReference; fileEncoding = 4; lastKnownFileType = sourcecode.swift; path = Visit.swift; sourceTree = "<group>"; };
		41364C95248C6028007EBA46 /* Live.swift */ = {isa = PBXFileReference; fileEncoding = 4; lastKnownFileType = sourcecode.swift; path = Live.swift; sourceTree = "<group>"; };
		41364C96248C6028007EBA46 /* Interface.swift */ = {isa = PBXFileReference; fileEncoding = 4; lastKnownFileType = sourcecode.swift; path = Interface.swift; sourceTree = "<group>"; };
		41364C99248C6028007EBA46 /* TestStore.swift */ = {isa = PBXFileReference; fileEncoding = 4; lastKnownFileType = sourcecode.swift; path = TestStore.swift; sourceTree = "<group>"; };
		41364C9A248C6028007EBA46 /* Reducer.swift */ = {isa = PBXFileReference; fileEncoding = 4; lastKnownFileType = sourcecode.swift; path = Reducer.swift; sourceTree = "<group>"; };
		41364C9C248C6028007EBA46 /* Publisher+asObservable.swift */ = {isa = PBXFileReference; fileEncoding = 4; lastKnownFileType = sourcecode.swift; path = "Publisher+asObservable.swift"; sourceTree = "<group>"; };
		41364C9D248C6028007EBA46 /* Observable+asPublisher.swift */ = {isa = PBXFileReference; fileEncoding = 4; lastKnownFileType = sourcecode.swift; path = "Observable+asPublisher.swift"; sourceTree = "<group>"; };
		41364C9F248C6028007EBA46 /* TestScheduler.swift */ = {isa = PBXFileReference; fileEncoding = 4; lastKnownFileType = sourcecode.swift; path = TestScheduler.swift; sourceTree = "<group>"; };
		41364CA0248C6028007EBA46 /* AnyScheduler.swift */ = {isa = PBXFileReference; fileEncoding = 4; lastKnownFileType = sourcecode.swift; path = AnyScheduler.swift; sourceTree = "<group>"; };
		41364CA2248C6028007EBA46 /* IfLetUIKit.swift */ = {isa = PBXFileReference; fileEncoding = 4; lastKnownFileType = sourcecode.swift; path = IfLetUIKit.swift; sourceTree = "<group>"; };
		41364CA4248C6028007EBA46 /* ReducerDebugging.swift */ = {isa = PBXFileReference; fileEncoding = 4; lastKnownFileType = sourcecode.swift; path = ReducerDebugging.swift; sourceTree = "<group>"; };
		41364CA6248C6028007EBA46 /* Diff.swift */ = {isa = PBXFileReference; fileEncoding = 4; lastKnownFileType = sourcecode.swift; path = Diff.swift; sourceTree = "<group>"; };
		41364CA7248C6028007EBA46 /* Deprecations.swift */ = {isa = PBXFileReference; fileEncoding = 4; lastKnownFileType = sourcecode.swift; path = Deprecations.swift; sourceTree = "<group>"; };
		41364CA8248C6028007EBA46 /* Throttling.swift */ = {isa = PBXFileReference; fileEncoding = 4; lastKnownFileType = sourcecode.swift; path = Throttling.swift; sourceTree = "<group>"; };
		41364CA9248C6028007EBA46 /* Exports.swift */ = {isa = PBXFileReference; fileEncoding = 4; lastKnownFileType = sourcecode.swift; path = Exports.swift; sourceTree = "<group>"; };
		41364CAA248C6028007EBA46 /* Debug.swift */ = {isa = PBXFileReference; fileEncoding = 4; lastKnownFileType = sourcecode.swift; path = Debug.swift; sourceTree = "<group>"; };
		41364CAB248C6028007EBA46 /* Create.swift */ = {isa = PBXFileReference; fileEncoding = 4; lastKnownFileType = sourcecode.swift; path = Create.swift; sourceTree = "<group>"; };
		41364CAC248C6028007EBA46 /* Locking.swift */ = {isa = PBXFileReference; fileEncoding = 4; lastKnownFileType = sourcecode.swift; path = Locking.swift; sourceTree = "<group>"; };
		41364CAD248C6028007EBA46 /* Effect.swift */ = {isa = PBXFileReference; fileEncoding = 4; lastKnownFileType = sourcecode.swift; path = Effect.swift; sourceTree = "<group>"; };
		41364CAE248C6028007EBA46 /* Effect+Combine.swift */ = {isa = PBXFileReference; fileEncoding = 4; lastKnownFileType = sourcecode.swift; path = "Effect+Combine.swift"; sourceTree = "<group>"; };
		41364CAF248C6028007EBA46 /* Effect+failure.swift */ = {isa = PBXFileReference; fileEncoding = 4; lastKnownFileType = sourcecode.swift; path = "Effect+failure.swift"; sourceTree = "<group>"; };
		41364CB0248C6028007EBA46 /* ViewStore+Combine.swift */ = {isa = PBXFileReference; fileEncoding = 4; lastKnownFileType = sourcecode.swift; path = "ViewStore+Combine.swift"; sourceTree = "<group>"; };
		41364CB1248C6028007EBA46 /* Store.swift */ = {isa = PBXFileReference; fileEncoding = 4; lastKnownFileType = sourcecode.swift; path = Store.swift; sourceTree = "<group>"; };
		41364CB2248C6028007EBA46 /* Store+Combine.swift */ = {isa = PBXFileReference; fileEncoding = 4; lastKnownFileType = sourcecode.swift; path = "Store+Combine.swift"; sourceTree = "<group>"; };
		41364CB4248C6028007EBA46 /* Timer.swift */ = {isa = PBXFileReference; fileEncoding = 4; lastKnownFileType = sourcecode.swift; path = Timer.swift; sourceTree = "<group>"; };
		41364CB5248C6028007EBA46 /* Cancellation.swift */ = {isa = PBXFileReference; fileEncoding = 4; lastKnownFileType = sourcecode.swift; path = Cancellation.swift; sourceTree = "<group>"; };
		41364CB6248C6028007EBA46 /* Debouncing.swift */ = {isa = PBXFileReference; fileEncoding = 4; lastKnownFileType = sourcecode.swift; path = Debouncing.swift; sourceTree = "<group>"; };
		41364CB7248C6028007EBA46 /* ViewStore.swift */ = {isa = PBXFileReference; fileEncoding = 4; lastKnownFileType = sourcecode.swift; path = ViewStore.swift; sourceTree = "<group>"; };
		41364CB9248C6028007EBA46 /* IdentifiedArray.swift */ = {isa = PBXFileReference; fileEncoding = 4; lastKnownFileType = sourcecode.swift; path = IdentifiedArray.swift; sourceTree = "<group>"; };
		41364CBA248C6028007EBA46 /* Identified.swift */ = {isa = PBXFileReference; fileEncoding = 4; lastKnownFileType = sourcecode.swift; path = Identified.swift; sourceTree = "<group>"; };
		41364CBB248C6028007EBA46 /* IfLetStore.swift */ = {isa = PBXFileReference; fileEncoding = 4; lastKnownFileType = sourcecode.swift; path = IfLetStore.swift; sourceTree = "<group>"; };
		41364CBC248C6028007EBA46 /* Identifiable.swift */ = {isa = PBXFileReference; fileEncoding = 4; lastKnownFileType = sourcecode.swift; path = Identifiable.swift; sourceTree = "<group>"; };
		41364CBD248C6028007EBA46 /* ForEachStore.swift */ = {isa = PBXFileReference; fileEncoding = 4; lastKnownFileType = sourcecode.swift; path = ForEachStore.swift; sourceTree = "<group>"; };
		41364CBE248C6028007EBA46 /* WithViewStore.swift */ = {isa = PBXFileReference; fileEncoding = 4; lastKnownFileType = sourcecode.swift; path = WithViewStore.swift; sourceTree = "<group>"; };
		41626029248D2CBA003FCAA8 /* ComposableCoreLocation.framework */ = {isa = PBXFileReference; explicitFileType = wrapper.framework; includeInIndex = 0; path = ComposableCoreLocation.framework; sourceTree = BUILT_PRODUCTS_DIR; };
		4162602C248D2CBA003FCAA8 /* Info.plist */ = {isa = PBXFileReference; lastKnownFileType = text.plist.xml; path = Info.plist; sourceTree = "<group>"; };
		4162603A248D2DD1003FCAA8 /* Cartfile */ = {isa = PBXFileReference; fileEncoding = 4; lastKnownFileType = text; path = Cartfile; sourceTree = "<group>"; };
		4162603B248D2DD1003FCAA8 /* Cartfile.resolved */ = {isa = PBXFileReference; fileEncoding = 4; lastKnownFileType = text; path = Cartfile.resolved; sourceTree = "<group>"; };
		4162603F248D2E14003FCAA8 /* RxRelay.framework */ = {isa = PBXFileReference; lastKnownFileType = wrapper.framework; name = RxRelay.framework; path = Carthage/Build/iOS/RxRelay.framework; sourceTree = "<group>"; };
		41626040248D2E14003FCAA8 /* RxCocoa.framework */ = {isa = PBXFileReference; lastKnownFileType = wrapper.framework; name = RxCocoa.framework; path = Carthage/Build/iOS/RxCocoa.framework; sourceTree = "<group>"; };
		41626041248D2E14003FCAA8 /* RxSwift.framework */ = {isa = PBXFileReference; lastKnownFileType = wrapper.framework; name = RxSwift.framework; path = Carthage/Build/iOS/RxSwift.framework; sourceTree = "<group>"; };
		4162604A248D31E3003FCAA8 /* EnumReflection.swift */ = {isa = PBXFileReference; fileEncoding = 4; lastKnownFileType = sourcecode.swift; path = EnumReflection.swift; sourceTree = "<group>"; };
		4162604B248D31E3003FCAA8 /* CasePaths.swift */ = {isa = PBXFileReference; fileEncoding = 4; lastKnownFileType = sourcecode.swift; path = CasePaths.swift; sourceTree = "<group>"; };
		4162604C248D31E3003FCAA8 /* CasePath.swift */ = {isa = PBXFileReference; fileEncoding = 4; lastKnownFileType = sourcecode.swift; path = CasePath.swift; sourceTree = "<group>"; };
		4162604D248D31E3003FCAA8 /* Operators.swift */ = {isa = PBXFileReference; fileEncoding = 4; lastKnownFileType = sourcecode.swift; path = Operators.swift; sourceTree = "<group>"; };
		41626054248D4983003FCAA8 /* ComposableArchitectureTests.swift */ = {isa = PBXFileReference; fileEncoding = 4; lastKnownFileType = sourcecode.swift; path = ComposableArchitectureTests.swift; sourceTree = "<group>"; };
		41626055248D4983003FCAA8 /* MemoryManagementTests.swift */ = {isa = PBXFileReference; fileEncoding = 4; lastKnownFileType = sourcecode.swift; path = MemoryManagementTests.swift; sourceTree = "<group>"; };
		41626056248D4983003FCAA8 /* ReducerTests.swift */ = {isa = PBXFileReference; fileEncoding = 4; lastKnownFileType = sourcecode.swift; path = ReducerTests.swift; sourceTree = "<group>"; };
		41626057248D4983003FCAA8 /* SchedulerTests.swift */ = {isa = PBXFileReference; fileEncoding = 4; lastKnownFileType = sourcecode.swift; path = SchedulerTests.swift; sourceTree = "<group>"; };
		41626059248D4983003FCAA8 /* EffectThrottleTests.swift */ = {isa = PBXFileReference; fileEncoding = 4; lastKnownFileType = sourcecode.swift; path = EffectThrottleTests.swift; sourceTree = "<group>"; };
		4162605A248D4983003FCAA8 /* EffectDebounceTests.swift */ = {isa = PBXFileReference; fileEncoding = 4; lastKnownFileType = sourcecode.swift; path = EffectDebounceTests.swift; sourceTree = "<group>"; };
		4162605B248D4983003FCAA8 /* EffectTests.swift */ = {isa = PBXFileReference; fileEncoding = 4; lastKnownFileType = sourcecode.swift; path = EffectTests.swift; sourceTree = "<group>"; };
		4162605C248D4983003FCAA8 /* IdentifiedArrayTests.swift */ = {isa = PBXFileReference; fileEncoding = 4; lastKnownFileType = sourcecode.swift; path = IdentifiedArrayTests.swift; sourceTree = "<group>"; };
		4162605D248D4983003FCAA8 /* TimerTests.swift */ = {isa = PBXFileReference; fileEncoding = 4; lastKnownFileType = sourcecode.swift; path = TimerTests.swift; sourceTree = "<group>"; };
		4162605E248D4983003FCAA8 /* DebugTests.swift */ = {isa = PBXFileReference; fileEncoding = 4; lastKnownFileType = sourcecode.swift; path = DebugTests.swift; sourceTree = "<group>"; };
		4162605F248D4983003FCAA8 /* EffectCancellationTests.swift */ = {isa = PBXFileReference; fileEncoding = 4; lastKnownFileType = sourcecode.swift; path = EffectCancellationTests.swift; sourceTree = "<group>"; };
		41626060248D4983003FCAA8 /* StoreTests.swift */ = {isa = PBXFileReference; fileEncoding = 4; lastKnownFileType = sourcecode.swift; path = StoreTests.swift; sourceTree = "<group>"; };
		41626062248D4983003FCAA8 /* ComposableCoreLocationTests.swift */ = {isa = PBXFileReference; fileEncoding = 4; lastKnownFileType = sourcecode.swift; path = ComposableCoreLocationTests.swift; sourceTree = "<group>"; };
		41626074248D49CA003FCAA8 /* ComposableArchitectureTests.xctest */ = {isa = PBXFileReference; explicitFileType = wrapper.cfbundle; includeInIndex = 0; path = ComposableArchitectureTests.xctest; sourceTree = BUILT_PRODUCTS_DIR; };
		41626078248D49CA003FCAA8 /* Info.plist */ = {isa = PBXFileReference; lastKnownFileType = text.plist.xml; path = Info.plist; sourceTree = "<group>"; };
		4162608F248D4B98003FCAA8 /* ComposableCoreLocationTests.xctest */ = {isa = PBXFileReference; explicitFileType = wrapper.cfbundle; includeInIndex = 0; path = ComposableCoreLocationTests.xctest; sourceTree = BUILT_PRODUCTS_DIR; };
		41626093248D4B98003FCAA8 /* Info.plist */ = {isa = PBXFileReference; lastKnownFileType = text.plist.xml; path = Info.plist; sourceTree = "<group>"; };
		416260AD249968A0003FCAA8 /* RxTest.framework */ = {isa = PBXFileReference; lastKnownFileType = wrapper.framework; name = RxTest.framework; path = Carthage/Build/iOS/RxTest.framework; sourceTree = "<group>"; };
		416260B024996ABC003FCAA8 /* RxSwift.framework */ = {isa = PBXFileReference; lastKnownFileType = wrapper.framework; name = RxSwift.framework; path = Carthage/Build/iOS/RxSwift.framework; sourceTree = "<group>"; };
		416260B124996ABC003FCAA8 /* RxCocoa.framework */ = {isa = PBXFileReference; lastKnownFileType = wrapper.framework; name = RxCocoa.framework; path = Carthage/Build/iOS/RxCocoa.framework; sourceTree = "<group>"; };
		416260B224996ABC003FCAA8 /* RxRelay.framework */ = {isa = PBXFileReference; lastKnownFileType = wrapper.framework; name = RxRelay.framework; path = Carthage/Build/iOS/RxRelay.framework; sourceTree = "<group>"; };
		4168FAFC248C5D4700CD8FB5 /* ComposableArchitecture.framework */ = {isa = PBXFileReference; explicitFileType = wrapper.framework; includeInIndex = 0; path = ComposableArchitecture.framework; sourceTree = BUILT_PRODUCTS_DIR; };
		4168FB07248C5D9900CD8FB5 /* Info.plist */ = {isa = PBXFileReference; fileEncoding = 4; lastKnownFileType = text.plist.xml; path = Info.plist; sourceTree = "<group>"; };
/* End PBXFileReference section */

/* Begin PBXFrameworksBuildPhase section */
		41626026248D2CBA003FCAA8 /* Frameworks */ = {
			isa = PBXFrameworksBuildPhase;
			buildActionMask = 2147483647;
			files = (
				416260A3248D4D33003FCAA8 /* RxSwift.framework in Frameworks */,
				4162609F248D4D32003FCAA8 /* RxCocoa.framework in Frameworks */,
				4162609A248D4C4A003FCAA8 /* ComposableArchitecture.framework in Frameworks */,
				416260A1248D4D33003FCAA8 /* RxRelay.framework in Frameworks */,
			);
			runOnlyForDeploymentPostprocessing = 0;
		};
		41626071248D49CA003FCAA8 /* Frameworks */ = {
			isa = PBXFrameworksBuildPhase;
			buildActionMask = 2147483647;
			files = (
				416260AC249968A0003FCAA8 /* RxCocoa.framework in Frameworks */,
				416260AA2499667D003FCAA8 /* RxRelay.framework in Frameworks */,
				416260AB2499667D003FCAA8 /* RxSwift.framework in Frameworks */,
				41626079248D49CA003FCAA8 /* ComposableArchitecture.framework in Frameworks */,
			);
			runOnlyForDeploymentPostprocessing = 0;
		};
		4162608C248D4B98003FCAA8 /* Frameworks */ = {
			isa = PBXFrameworksBuildPhase;
			buildActionMask = 2147483647;
			files = (
				41626094248D4B98003FCAA8 /* ComposableCoreLocation.framework in Frameworks */,
			);
			runOnlyForDeploymentPostprocessing = 0;
		};
		4168FAF9248C5D4700CD8FB5 /* Frameworks */ = {
			isa = PBXFrameworksBuildPhase;
			buildActionMask = 2147483647;
			files = (
				41626044248D2E14003FCAA8 /* RxCocoa.framework in Frameworks */,
				41626042248D2E14003FCAA8 /* RxRelay.framework in Frameworks */,
				41626046248D2E14003FCAA8 /* RxSwift.framework in Frameworks */,
			);
			runOnlyForDeploymentPostprocessing = 0;
		};
/* End PBXFrameworksBuildPhase section */

/* Begin PBXGroup section */
		41364C8A248C6028007EBA46 /* Sources */ = {
			isa = PBXGroup;
			children = (
				41364C8B248C6028007EBA46 /* ComposableCoreLocation */,
				41364C97248C6028007EBA46 /* ComposableArchitecture */,
			);
			path = Sources;
			sourceTree = "<group>";
		};
		41364C8B248C6028007EBA46 /* ComposableCoreLocation */ = {
			isa = PBXGroup;
			children = (
				4162602C248D2CBA003FCAA8 /* Info.plist */,
				41364C8C248C6028007EBA46 /* Mock.swift */,
				41364C8D248C6028007EBA46 /* Internal */,
				41364C8F248C6028007EBA46 /* Models */,
				41364C95248C6028007EBA46 /* Live.swift */,
				41364C96248C6028007EBA46 /* Interface.swift */,
			);
			path = ComposableCoreLocation;
			sourceTree = "<group>";
		};
		41364C8D248C6028007EBA46 /* Internal */ = {
			isa = PBXGroup;
			children = (
				41364C8E248C6028007EBA46 /* Exports.swift */,
			);
			path = Internal;
			sourceTree = "<group>";
		};
		41364C8F248C6028007EBA46 /* Models */ = {
			isa = PBXGroup;
			children = (
				41364C90248C6028007EBA46 /* Location.swift */,
				41364C91248C6028007EBA46 /* Beacon.swift */,
				41364C92248C6028007EBA46 /* Heading.swift */,
				41364C93248C6028007EBA46 /* Region.swift */,
				41364C94248C6028007EBA46 /* Visit.swift */,
			);
			path = Models;
			sourceTree = "<group>";
		};
		41364C97248C6028007EBA46 /* ComposableArchitecture */ = {
			isa = PBXGroup;
			children = (
				41626049248D31E3003FCAA8 /* CasePaths */,
				4168FB07248C5D9900CD8FB5 /* Info.plist */,
				41364C98248C6028007EBA46 /* TestSupport */,
				41364C9A248C6028007EBA46 /* Reducer.swift */,
				41364C9B248C6028007EBA46 /* RxCombine */,
				41364C9E248C6028007EBA46 /* Scheduling */,
				41364CA1248C6028007EBA46 /* UIKit */,
				41364CA3248C6028007EBA46 /* Debugging */,
				41364CA5248C6028007EBA46 /* Internal */,
				41364CAD248C6028007EBA46 /* Effect.swift */,
				41364CAE248C6028007EBA46 /* Effect+Combine.swift */,
				41364CAF248C6028007EBA46 /* Effect+failure.swift */,
				41364CB0248C6028007EBA46 /* ViewStore+Combine.swift */,
				41364CB1248C6028007EBA46 /* Store.swift */,
				41364CB2248C6028007EBA46 /* Store+Combine.swift */,
				41364CB3248C6028007EBA46 /* Effects */,
				41364CB7248C6028007EBA46 /* ViewStore.swift */,
				41364CB8248C6028007EBA46 /* SwiftUI */,
			);
			path = ComposableArchitecture;
			sourceTree = "<group>";
		};
		41364C98248C6028007EBA46 /* TestSupport */ = {
			isa = PBXGroup;
			children = (
				41364C99248C6028007EBA46 /* TestStore.swift */,
			);
			path = TestSupport;
			sourceTree = "<group>";
		};
		41364C9B248C6028007EBA46 /* RxCombine */ = {
			isa = PBXGroup;
			children = (
				41364C9C248C6028007EBA46 /* Publisher+asObservable.swift */,
				41364C9D248C6028007EBA46 /* Observable+asPublisher.swift */,
			);
			path = RxCombine;
			sourceTree = "<group>";
		};
		41364C9E248C6028007EBA46 /* Scheduling */ = {
			isa = PBXGroup;
			children = (
				41364C9F248C6028007EBA46 /* TestScheduler.swift */,
				41364CA0248C6028007EBA46 /* AnyScheduler.swift */,
			);
			path = Scheduling;
			sourceTree = "<group>";
		};
		41364CA1248C6028007EBA46 /* UIKit */ = {
			isa = PBXGroup;
			children = (
				41364CA2248C6028007EBA46 /* IfLetUIKit.swift */,
			);
			path = UIKit;
			sourceTree = "<group>";
		};
		41364CA3248C6028007EBA46 /* Debugging */ = {
			isa = PBXGroup;
			children = (
				41364CA4248C6028007EBA46 /* ReducerDebugging.swift */,
			);
			path = Debugging;
			sourceTree = "<group>";
		};
		41364CA5248C6028007EBA46 /* Internal */ = {
			isa = PBXGroup;
			children = (
				41364CA6248C6028007EBA46 /* Diff.swift */,
				41364CA7248C6028007EBA46 /* Deprecations.swift */,
				41364CA8248C6028007EBA46 /* Throttling.swift */,
				41364CA9248C6028007EBA46 /* Exports.swift */,
				41364CAA248C6028007EBA46 /* Debug.swift */,
				41364CAB248C6028007EBA46 /* Create.swift */,
				41364CAC248C6028007EBA46 /* Locking.swift */,
			);
			path = Internal;
			sourceTree = "<group>";
		};
		41364CB3248C6028007EBA46 /* Effects */ = {
			isa = PBXGroup;
			children = (
				41364CB4248C6028007EBA46 /* Timer.swift */,
				41364CB5248C6028007EBA46 /* Cancellation.swift */,
				41364CB6248C6028007EBA46 /* Debouncing.swift */,
			);
			path = Effects;
			sourceTree = "<group>";
		};
		41364CB8248C6028007EBA46 /* SwiftUI */ = {
			isa = PBXGroup;
			children = (
				41364CB9248C6028007EBA46 /* IdentifiedArray.swift */,
				41364CBA248C6028007EBA46 /* Identified.swift */,
				41364CBB248C6028007EBA46 /* IfLetStore.swift */,
				41364CBC248C6028007EBA46 /* Identifiable.swift */,
				41364CBD248C6028007EBA46 /* ForEachStore.swift */,
				41364CBE248C6028007EBA46 /* WithViewStore.swift */,
			);
			path = SwiftUI;
			sourceTree = "<group>";
		};
		4162603E248D2E14003FCAA8 /* Frameworks */ = {
			isa = PBXGroup;
			children = (
				416260AD249968A0003FCAA8 /* RxTest.framework */,
				41626040248D2E14003FCAA8 /* RxCocoa.framework */,
				4162603F248D2E14003FCAA8 /* RxRelay.framework */,
				41626041248D2E14003FCAA8 /* RxSwift.framework */,
			);
			name = Frameworks;
			sourceTree = "<group>";
		};
		41626049248D31E3003FCAA8 /* CasePaths */ = {
			isa = PBXGroup;
			children = (
				4162604A248D31E3003FCAA8 /* EnumReflection.swift */,
				4162604B248D31E3003FCAA8 /* CasePaths.swift */,
				4162604C248D31E3003FCAA8 /* CasePath.swift */,
				4162604D248D31E3003FCAA8 /* Operators.swift */,
			);
			path = CasePaths;
			sourceTree = "<group>";
		};
		41626052248D4983003FCAA8 /* Tests */ = {
			isa = PBXGroup;
			children = (
				41626053248D4983003FCAA8 /* ComposableArchitectureTests */,
				41626061248D4983003FCAA8 /* ComposableCoreLocationTests */,
			);
			path = Tests;
			sourceTree = "<group>";
		};
		41626053248D4983003FCAA8 /* ComposableArchitectureTests */ = {
			isa = PBXGroup;
			children = (
				41626078248D49CA003FCAA8 /* Info.plist */,
				41626054248D4983003FCAA8 /* ComposableArchitectureTests.swift */,
				41626055248D4983003FCAA8 /* MemoryManagementTests.swift */,
				41626056248D4983003FCAA8 /* ReducerTests.swift */,
				41626057248D4983003FCAA8 /* SchedulerTests.swift */,
				41626058248D4983003FCAA8 /* Internal */,
				4162605A248D4983003FCAA8 /* EffectDebounceTests.swift */,
				4162605B248D4983003FCAA8 /* EffectTests.swift */,
				4162605C248D4983003FCAA8 /* IdentifiedArrayTests.swift */,
				4162605D248D4983003FCAA8 /* TimerTests.swift */,
				4162605E248D4983003FCAA8 /* DebugTests.swift */,
				4162605F248D4983003FCAA8 /* EffectCancellationTests.swift */,
				41626060248D4983003FCAA8 /* StoreTests.swift */,
			);
			path = ComposableArchitectureTests;
			sourceTree = "<group>";
		};
		41626058248D4983003FCAA8 /* Internal */ = {
			isa = PBXGroup;
			children = (
				41626059248D4983003FCAA8 /* EffectThrottleTests.swift */,
			);
			path = Internal;
			sourceTree = "<group>";
		};
		41626061248D4983003FCAA8 /* ComposableCoreLocationTests */ = {
			isa = PBXGroup;
			children = (
				41626093248D4B98003FCAA8 /* Info.plist */,
				41626062248D4983003FCAA8 /* ComposableCoreLocationTests.swift */,
			);
			path = ComposableCoreLocationTests;
			sourceTree = "<group>";
		};
		4168FAF2248C5D4700CD8FB5 = {
			isa = PBXGroup;
			children = (
				416260B124996ABC003FCAA8 /* RxCocoa.framework */,
				416260B224996ABC003FCAA8 /* RxRelay.framework */,
				416260B024996ABC003FCAA8 /* RxSwift.framework */,
				4162603A248D2DD1003FCAA8 /* Cartfile */,
				4162603B248D2DD1003FCAA8 /* Cartfile.resolved */,
				41364C8A248C6028007EBA46 /* Sources */,
				41626052248D4983003FCAA8 /* Tests */,
				4168FAFD248C5D4700CD8FB5 /* Products */,
				4162603E248D2E14003FCAA8 /* Frameworks */,
			);
			indentWidth = 2;
			sourceTree = "<group>";
		};
		4168FAFD248C5D4700CD8FB5 /* Products */ = {
			isa = PBXGroup;
			children = (
				4168FAFC248C5D4700CD8FB5 /* ComposableArchitecture.framework */,
				41626029248D2CBA003FCAA8 /* ComposableCoreLocation.framework */,
				41626074248D49CA003FCAA8 /* ComposableArchitectureTests.xctest */,
				4162608F248D4B98003FCAA8 /* ComposableCoreLocationTests.xctest */,
			);
			name = Products;
			sourceTree = "<group>";
		};
/* End PBXGroup section */

/* Begin PBXHeadersBuildPhase section */
		41626024248D2CBA003FCAA8 /* Headers */ = {
			isa = PBXHeadersBuildPhase;
			buildActionMask = 2147483647;
			files = (
			);
			runOnlyForDeploymentPostprocessing = 0;
		};
		4168FAF7248C5D4700CD8FB5 /* Headers */ = {
			isa = PBXHeadersBuildPhase;
			buildActionMask = 2147483647;
			files = (
			);
			runOnlyForDeploymentPostprocessing = 0;
		};
/* End PBXHeadersBuildPhase section */

/* Begin PBXNativeTarget section */
		41626028248D2CBA003FCAA8 /* ComposableCoreLocation */ = {
			isa = PBXNativeTarget;
			buildConfigurationList = 41626030248D2CBA003FCAA8 /* Build configuration list for PBXNativeTarget "ComposableCoreLocation" */;
			buildPhases = (
				41626024248D2CBA003FCAA8 /* Headers */,
				41626025248D2CBA003FCAA8 /* Sources */,
				41626026248D2CBA003FCAA8 /* Frameworks */,
				41626027248D2CBA003FCAA8 /* Resources */,
				4162609E248D4C4A003FCAA8 /* Embed Frameworks */,
			);
			buildRules = (
			);
			dependencies = (
				4162609D248D4C4A003FCAA8 /* PBXTargetDependency */,
			);
			name = ComposableCoreLocation;
			productName = ComposableCoreLocation;
			productReference = 41626029248D2CBA003FCAA8 /* ComposableCoreLocation.framework */;
			productType = "com.apple.product-type.framework";
		};
		41626073248D49CA003FCAA8 /* ComposableArchitectureTests */ = {
			isa = PBXNativeTarget;
			buildConfigurationList = 4162607C248D49CA003FCAA8 /* Build configuration list for PBXNativeTarget "ComposableArchitectureTests" */;
			buildPhases = (
				41626070248D49CA003FCAA8 /* Sources */,
				41626071248D49CA003FCAA8 /* Frameworks */,
				41626072248D49CA003FCAA8 /* Resources */,
				416260AF24996A97003FCAA8 /* CopyFiles */,
			);
			buildRules = (
			);
			dependencies = (
				4162607B248D49CA003FCAA8 /* PBXTargetDependency */,
			);
			name = ComposableArchitectureTests;
			productName = ComposableArchitectureTests;
			productReference = 41626074248D49CA003FCAA8 /* ComposableArchitectureTests.xctest */;
			productType = "com.apple.product-type.bundle.unit-test";
		};
		4162608E248D4B98003FCAA8 /* ComposableCoreLocationTests */ = {
			isa = PBXNativeTarget;
			buildConfigurationList = 41626097248D4B98003FCAA8 /* Build configuration list for PBXNativeTarget "ComposableCoreLocationTests" */;
			buildPhases = (
				4162608B248D4B98003FCAA8 /* Sources */,
				4162608C248D4B98003FCAA8 /* Frameworks */,
				4162608D248D4B98003FCAA8 /* Resources */,
			);
			buildRules = (
			);
			dependencies = (
				41626096248D4B98003FCAA8 /* PBXTargetDependency */,
			);
			name = ComposableCoreLocationTests;
			productName = ComposableCoreLocationTests;
			productReference = 4162608F248D4B98003FCAA8 /* ComposableCoreLocationTests.xctest */;
			productType = "com.apple.product-type.bundle.unit-test";
		};
		4168FAFB248C5D4700CD8FB5 /* ComposableArchitecture */ = {
			isa = PBXNativeTarget;
			buildConfigurationList = 4168FB04248C5D4700CD8FB5 /* Build configuration list for PBXNativeTarget "ComposableArchitecture" */;
			buildPhases = (
				4168FAF7248C5D4700CD8FB5 /* Headers */,
				4168FAF8248C5D4700CD8FB5 /* Sources */,
				4168FAF9248C5D4700CD8FB5 /* Frameworks */,
				4168FAFA248C5D4700CD8FB5 /* Resources */,
				41626048248D2E15003FCAA8 /* Embed Frameworks */,
			);
			buildRules = (
			);
			dependencies = (
			);
			name = ComposableArchitecture;
			productName = ComposableArchitecture;
			productReference = 4168FAFC248C5D4700CD8FB5 /* ComposableArchitecture.framework */;
			productType = "com.apple.product-type.framework";
		};
/* End PBXNativeTarget section */

/* Begin PBXProject section */
		4168FAF3248C5D4700CD8FB5 /* Project object */ = {
			isa = PBXProject;
			attributes = {
				LastSwiftUpdateCheck = 1140;
				LastUpgradeCheck = 1140;
				ORGANIZATIONNAME = Bioche;
				TargetAttributes = {
					41626028248D2CBA003FCAA8 = {
						CreatedOnToolsVersion = 11.4.1;
					};
					41626073248D49CA003FCAA8 = {
						CreatedOnToolsVersion = 11.4.1;
					};
					4162608E248D4B98003FCAA8 = {
						CreatedOnToolsVersion = 11.4.1;
					};
					4168FAFB248C5D4700CD8FB5 = {
						CreatedOnToolsVersion = 11.4.1;
					};
				};
			};
			buildConfigurationList = 4168FAF6248C5D4700CD8FB5 /* Build configuration list for PBXProject "ComposableArchitecture" */;
			compatibilityVersion = "Xcode 9.3";
			developmentRegion = en;
			hasScannedForEncodings = 0;
			knownRegions = (
				en,
				Base,
			);
			mainGroup = 4168FAF2248C5D4700CD8FB5;
			productRefGroup = 4168FAFD248C5D4700CD8FB5 /* Products */;
			projectDirPath = "";
			projectRoot = "";
			targets = (
				4168FAFB248C5D4700CD8FB5 /* ComposableArchitecture */,
				41626028248D2CBA003FCAA8 /* ComposableCoreLocation */,
				41626073248D49CA003FCAA8 /* ComposableArchitectureTests */,
				4162608E248D4B98003FCAA8 /* ComposableCoreLocationTests */,
			);
		};
/* End PBXProject section */

/* Begin PBXResourcesBuildPhase section */
		41626027248D2CBA003FCAA8 /* Resources */ = {
			isa = PBXResourcesBuildPhase;
			buildActionMask = 2147483647;
			files = (
			);
			runOnlyForDeploymentPostprocessing = 0;
		};
		41626072248D49CA003FCAA8 /* Resources */ = {
			isa = PBXResourcesBuildPhase;
			buildActionMask = 2147483647;
			files = (
			);
			runOnlyForDeploymentPostprocessing = 0;
		};
		4162608D248D4B98003FCAA8 /* Resources */ = {
			isa = PBXResourcesBuildPhase;
			buildActionMask = 2147483647;
			files = (
			);
			runOnlyForDeploymentPostprocessing = 0;
		};
		4168FAFA248C5D4700CD8FB5 /* Resources */ = {
			isa = PBXResourcesBuildPhase;
			buildActionMask = 2147483647;
			files = (
				4162603C248D2DD1003FCAA8 /* Cartfile in Resources */,
				4162603D248D2DD1003FCAA8 /* Cartfile.resolved in Resources */,
			);
			runOnlyForDeploymentPostprocessing = 0;
		};
/* End PBXResourcesBuildPhase section */

/* Begin PBXSourcesBuildPhase section */
		41626025248D2CBA003FCAA8 /* Sources */ = {
			isa = PBXSourcesBuildPhase;
			buildActionMask = 2147483647;
			files = (
				41626031248D2D6E003FCAA8 /* Mock.swift in Sources */,
				41626033248D2D6E003FCAA8 /* Location.swift in Sources */,
				41626032248D2D6E003FCAA8 /* Exports.swift in Sources */,
				41626036248D2D6E003FCAA8 /* Region.swift in Sources */,
				41626034248D2D6E003FCAA8 /* Beacon.swift in Sources */,
				41626038248D2D6E003FCAA8 /* Live.swift in Sources */,
				41626035248D2D6E003FCAA8 /* Heading.swift in Sources */,
				41626037248D2D6E003FCAA8 /* Visit.swift in Sources */,
				41626039248D2D6E003FCAA8 /* Interface.swift in Sources */,
			);
			runOnlyForDeploymentPostprocessing = 0;
		};
		41626070248D49CA003FCAA8 /* Sources */ = {
			isa = PBXSourcesBuildPhase;
			buildActionMask = 2147483647;
			files = (
				41626089248D4AB2003FCAA8 /* EffectCancellationTests.swift in Sources */,
				41626081248D4AB2003FCAA8 /* ReducerTests.swift in Sources */,
				41626082248D4AB2003FCAA8 /* SchedulerTests.swift in Sources */,
				41626085248D4AB2003FCAA8 /* EffectTests.swift in Sources */,
				4162607F248D4AB2003FCAA8 /* ComposableArchitectureTests.swift in Sources */,
				41626086248D4AB2003FCAA8 /* IdentifiedArrayTests.swift in Sources */,
				41626083248D4AB2003FCAA8 /* EffectThrottleTests.swift in Sources */,
				41626080248D4AB2003FCAA8 /* MemoryManagementTests.swift in Sources */,
				41626088248D4AB2003FCAA8 /* DebugTests.swift in Sources */,
				41626084248D4AB2003FCAA8 /* EffectDebounceTests.swift in Sources */,
				41626087248D4AB2003FCAA8 /* TimerTests.swift in Sources */,
				4162608A248D4AB2003FCAA8 /* StoreTests.swift in Sources */,
			);
			runOnlyForDeploymentPostprocessing = 0;
		};
		4162608B248D4B98003FCAA8 /* Sources */ = {
			isa = PBXSourcesBuildPhase;
			buildActionMask = 2147483647;
			files = (
				416260A6248D522C003FCAA8 /* ComposableCoreLocationTests.swift in Sources */,
			);
			runOnlyForDeploymentPostprocessing = 0;
		};
		4168FAF8248C5D4700CD8FB5 /* Sources */ = {
			isa = PBXSourcesBuildPhase;
			buildActionMask = 2147483647;
			files = (
				41364CD7248C6028007EBA46 /* Effect.swift in Sources */,
				41364CE6248C6028007EBA46 /* WithViewStore.swift in Sources */,
				41626050248D31E3003FCAA8 /* CasePath.swift in Sources */,
				41364CCF248C6028007EBA46 /* ReducerDebugging.swift in Sources */,
				41364CDF248C6028007EBA46 /* Debouncing.swift in Sources */,
				41364CD2248C6028007EBA46 /* Throttling.swift in Sources */,
				41364CC9248C6028007EBA46 /* Reducer.swift in Sources */,
				41364CD1248C6028007EBA46 /* Deprecations.swift in Sources */,
				41364CE0248C6028007EBA46 /* ViewStore.swift in Sources */,
				41364CD0248C6028007EBA46 /* Diff.swift in Sources */,
				41364CCE248C6028007EBA46 /* IfLetUIKit.swift in Sources */,
				41364CDC248C6028007EBA46 /* Store+Combine.swift in Sources */,
				41364CD4248C6028007EBA46 /* Debug.swift in Sources */,
				41364CCB248C6028007EBA46 /* Observable+asPublisher.swift in Sources */,
				41364CDD248C6028007EBA46 /* Timer.swift in Sources */,
				41364CD8248C6028007EBA46 /* Effect+Combine.swift in Sources */,
				41626051248D31E3003FCAA8 /* Operators.swift in Sources */,
				4162604E248D31E3003FCAA8 /* EnumReflection.swift in Sources */,
				41364CD5248C6028007EBA46 /* Create.swift in Sources */,
				41364CDA248C6028007EBA46 /* ViewStore+Combine.swift in Sources */,
				41364CD3248C6028007EBA46 /* Exports.swift in Sources */,
				41364CCD248C6028007EBA46 /* AnyScheduler.swift in Sources */,
				41364CD9248C6028007EBA46 /* Effect+failure.swift in Sources */,
				41364CCA248C6028007EBA46 /* Publisher+asObservable.swift in Sources */,
				41364CE2248C6028007EBA46 /* Identified.swift in Sources */,
				41364CDE248C6028007EBA46 /* Cancellation.swift in Sources */,
				41364CCC248C6028007EBA46 /* TestScheduler.swift in Sources */,
				41364CE5248C6028007EBA46 /* ForEachStore.swift in Sources */,
				41364CE1248C6028007EBA46 /* IdentifiedArray.swift in Sources */,
				41364CC8248C6028007EBA46 /* TestStore.swift in Sources */,
				41364CDB248C6028007EBA46 /* Store.swift in Sources */,
				41364CE3248C6028007EBA46 /* IfLetStore.swift in Sources */,
				41364CD6248C6028007EBA46 /* Locking.swift in Sources */,
				41364CE4248C6028007EBA46 /* Identifiable.swift in Sources */,
				4162604F248D31E3003FCAA8 /* CasePaths.swift in Sources */,
			);
			runOnlyForDeploymentPostprocessing = 0;
		};
/* End PBXSourcesBuildPhase section */

/* Begin PBXTargetDependency section */
		4162607B248D49CA003FCAA8 /* PBXTargetDependency */ = {
			isa = PBXTargetDependency;
			platformFilter = ios;
			target = 4168FAFB248C5D4700CD8FB5 /* ComposableArchitecture */;
			targetProxy = 4162607A248D49CA003FCAA8 /* PBXContainerItemProxy */;
		};
		41626096248D4B98003FCAA8 /* PBXTargetDependency */ = {
			isa = PBXTargetDependency;
			target = 41626028248D2CBA003FCAA8 /* ComposableCoreLocation */;
			targetProxy = 41626095248D4B98003FCAA8 /* PBXContainerItemProxy */;
		};
		4162609D248D4C4A003FCAA8 /* PBXTargetDependency */ = {
			isa = PBXTargetDependency;
			target = 4168FAFB248C5D4700CD8FB5 /* ComposableArchitecture */;
			targetProxy = 4162609C248D4C4A003FCAA8 /* PBXContainerItemProxy */;
		};
/* End PBXTargetDependency section */

/* Begin XCBuildConfiguration section */
		4162602E248D2CBA003FCAA8 /* Debug */ = {
			isa = XCBuildConfiguration;
			buildSettings = {
				CODE_SIGN_STYLE = Automatic;
				DEFINES_MODULE = YES;
				DEVELOPMENT_TEAM = MLDJM8453C;
				DYLIB_COMPATIBILITY_VERSION = 1;
				DYLIB_CURRENT_VERSION = 1;
				DYLIB_INSTALL_NAME_BASE = "@rpath";
				FRAMEWORK_SEARCH_PATHS = (
					"$(inherited)",
					"$(PROJECT_DIR)/Carthage/Build/iOS",
				);
				INFOPLIST_FILE = Sources/ComposableCoreLocation/Info.plist;
				INSTALL_PATH = "$(LOCAL_LIBRARY_DIR)/Frameworks";
				LD_RUNPATH_SEARCH_PATHS = (
					"$(inherited)",
					"@executable_path/Frameworks",
					"@loader_path/Frameworks",
				);
				OTHER_LDFLAGS = (
					"-weak_framework",
					Combine,
				);
				PRODUCT_BUNDLE_IDENTIFIER = com.bioche.ComposableCoreLocation;
				PRODUCT_NAME = "$(TARGET_NAME:c99extidentifier)";
				SKIP_INSTALL = YES;
				SWIFT_VERSION = 5.0;
				TARGETED_DEVICE_FAMILY = "1,2";
			};
			name = Debug;
		};
		4162602F248D2CBA003FCAA8 /* Release */ = {
			isa = XCBuildConfiguration;
			buildSettings = {
				CODE_SIGN_STYLE = Automatic;
				DEFINES_MODULE = YES;
				DEVELOPMENT_TEAM = MLDJM8453C;
				DYLIB_COMPATIBILITY_VERSION = 1;
				DYLIB_CURRENT_VERSION = 1;
				DYLIB_INSTALL_NAME_BASE = "@rpath";
				FRAMEWORK_SEARCH_PATHS = (
					"$(inherited)",
					"$(PROJECT_DIR)/Carthage/Build/iOS",
				);
				INFOPLIST_FILE = Sources/ComposableCoreLocation/Info.plist;
				INSTALL_PATH = "$(LOCAL_LIBRARY_DIR)/Frameworks";
				LD_RUNPATH_SEARCH_PATHS = (
					"$(inherited)",
					"@executable_path/Frameworks",
					"@loader_path/Frameworks",
				);
				OTHER_LDFLAGS = (
					"-weak_framework",
					Combine,
				);
				PRODUCT_BUNDLE_IDENTIFIER = com.bioche.ComposableCoreLocation;
				PRODUCT_NAME = "$(TARGET_NAME:c99extidentifier)";
				SKIP_INSTALL = YES;
				SWIFT_VERSION = 5.0;
				TARGETED_DEVICE_FAMILY = "1,2";
			};
			name = Release;
		};
		4162607D248D49CA003FCAA8 /* Debug */ = {
			isa = XCBuildConfiguration;
			buildSettings = {
				CODE_SIGN_STYLE = Automatic;
				DEVELOPMENT_TEAM = MLDJM8453C;
				FRAMEWORK_SEARCH_PATHS = (
					"$(inherited)",
					"$(PROJECT_DIR)/Carthage/Build/iOS",
				);
				INFOPLIST_FILE = Tests/ComposableArchitectureTests/Info.plist;
				LD_RUNPATH_SEARCH_PATHS = (
					"$(inherited)",
					"@executable_path/Frameworks",
					"@loader_path/Frameworks",
				);
				PRODUCT_BUNDLE_IDENTIFIER = com.bioche.ComposableArchitectureTests;
				PRODUCT_NAME = "$(TARGET_NAME)";
				SWIFT_VERSION = 5.0;
				TARGETED_DEVICE_FAMILY = "1,2";
			};
			name = Debug;
		};
		4162607E248D49CA003FCAA8 /* Release */ = {
			isa = XCBuildConfiguration;
			buildSettings = {
				CODE_SIGN_STYLE = Automatic;
				DEVELOPMENT_TEAM = MLDJM8453C;
				FRAMEWORK_SEARCH_PATHS = (
					"$(inherited)",
					"$(PROJECT_DIR)/Carthage/Build/iOS",
				);
				INFOPLIST_FILE = Tests/ComposableArchitectureTests/Info.plist;
				LD_RUNPATH_SEARCH_PATHS = (
					"$(inherited)",
					"@executable_path/Frameworks",
					"@loader_path/Frameworks",
				);
				PRODUCT_BUNDLE_IDENTIFIER = com.bioche.ComposableArchitectureTests;
				PRODUCT_NAME = "$(TARGET_NAME)";
				SWIFT_VERSION = 5.0;
				TARGETED_DEVICE_FAMILY = "1,2";
			};
			name = Release;
		};
		41626098248D4B98003FCAA8 /* Debug */ = {
			isa = XCBuildConfiguration;
			buildSettings = {
				CODE_SIGN_STYLE = Automatic;
				DEVELOPMENT_TEAM = MLDJM8453C;
				INFOPLIST_FILE = Tests/ComposableCoreLocationTests/Info.plist;
				LD_RUNPATH_SEARCH_PATHS = (
					"$(inherited)",
					"@executable_path/Frameworks",
					"@loader_path/Frameworks",
				);
				PRODUCT_BUNDLE_IDENTIFIER = com.bioche.ComposableCoreLocationTests;
				PRODUCT_NAME = "$(TARGET_NAME)";
				SWIFT_VERSION = 5.0;
				TARGETED_DEVICE_FAMILY = "1,2";
			};
			name = Debug;
		};
		41626099248D4B98003FCAA8 /* Release */ = {
			isa = XCBuildConfiguration;
			buildSettings = {
				CODE_SIGN_STYLE = Automatic;
				DEVELOPMENT_TEAM = MLDJM8453C;
				INFOPLIST_FILE = Tests/ComposableCoreLocationTests/Info.plist;
				LD_RUNPATH_SEARCH_PATHS = (
					"$(inherited)",
					"@executable_path/Frameworks",
					"@loader_path/Frameworks",
				);
				PRODUCT_BUNDLE_IDENTIFIER = com.bioche.ComposableCoreLocationTests;
				PRODUCT_NAME = "$(TARGET_NAME)";
				SWIFT_VERSION = 5.0;
				TARGETED_DEVICE_FAMILY = "1,2";
			};
			name = Release;
		};
		4168FB02248C5D4700CD8FB5 /* Debug */ = {
			isa = XCBuildConfiguration;
			buildSettings = {
				ALWAYS_SEARCH_USER_PATHS = NO;
				CLANG_ANALYZER_NONNULL = YES;
				CLANG_ANALYZER_NUMBER_OBJECT_CONVERSION = YES_AGGRESSIVE;
				CLANG_CXX_LANGUAGE_STANDARD = "gnu++14";
				CLANG_CXX_LIBRARY = "libc++";
				CLANG_ENABLE_MODULES = YES;
				CLANG_ENABLE_OBJC_ARC = YES;
				CLANG_ENABLE_OBJC_WEAK = YES;
				CLANG_WARN_BLOCK_CAPTURE_AUTORELEASING = YES;
				CLANG_WARN_BOOL_CONVERSION = YES;
				CLANG_WARN_COMMA = YES;
				CLANG_WARN_CONSTANT_CONVERSION = YES;
				CLANG_WARN_DEPRECATED_OBJC_IMPLEMENTATIONS = YES;
				CLANG_WARN_DIRECT_OBJC_ISA_USAGE = YES_ERROR;
				CLANG_WARN_DOCUMENTATION_COMMENTS = YES;
				CLANG_WARN_EMPTY_BODY = YES;
				CLANG_WARN_ENUM_CONVERSION = YES;
				CLANG_WARN_INFINITE_RECURSION = YES;
				CLANG_WARN_INT_CONVERSION = YES;
				CLANG_WARN_NON_LITERAL_NULL_CONVERSION = YES;
				CLANG_WARN_OBJC_IMPLICIT_RETAIN_SELF = YES;
				CLANG_WARN_OBJC_LITERAL_CONVERSION = YES;
				CLANG_WARN_OBJC_ROOT_CLASS = YES_ERROR;
				CLANG_WARN_RANGE_LOOP_ANALYSIS = YES;
				CLANG_WARN_STRICT_PROTOTYPES = YES;
				CLANG_WARN_SUSPICIOUS_MOVE = YES;
				CLANG_WARN_UNGUARDED_AVAILABILITY = YES_AGGRESSIVE;
				CLANG_WARN_UNREACHABLE_CODE = YES;
				CLANG_WARN__DUPLICATE_METHOD_MATCH = YES;
				COPY_PHASE_STRIP = NO;
				CURRENT_PROJECT_VERSION = 1;
				DEBUG_INFORMATION_FORMAT = dwarf;
				ENABLE_STRICT_OBJC_MSGSEND = YES;
				ENABLE_TESTABILITY = YES;
				GCC_C_LANGUAGE_STANDARD = gnu11;
				GCC_DYNAMIC_NO_PIC = NO;
				GCC_NO_COMMON_BLOCKS = YES;
				GCC_OPTIMIZATION_LEVEL = 0;
				GCC_PREPROCESSOR_DEFINITIONS = (
					"DEBUG=1",
					"$(inherited)",
				);
				GCC_WARN_64_TO_32_BIT_CONVERSION = YES;
				GCC_WARN_ABOUT_RETURN_TYPE = YES_ERROR;
				GCC_WARN_UNDECLARED_SELECTOR = YES;
				GCC_WARN_UNINITIALIZED_AUTOS = YES_AGGRESSIVE;
				GCC_WARN_UNUSED_FUNCTION = YES;
				GCC_WARN_UNUSED_VARIABLE = YES;
				IPHONEOS_DEPLOYMENT_TARGET = 13.4;
				MTL_ENABLE_DEBUG_INFO = INCLUDE_SOURCE;
				MTL_FAST_MATH = YES;
				ONLY_ACTIVE_ARCH = YES;
				SDKROOT = iphoneos;
				SWIFT_ACTIVE_COMPILATION_CONDITIONS = DEBUG;
				SWIFT_OPTIMIZATION_LEVEL = "-Onone";
				VERSIONING_SYSTEM = "apple-generic";
				VERSION_INFO_PREFIX = "";
			};
			name = Debug;
		};
		4168FB03248C5D4700CD8FB5 /* Release */ = {
			isa = XCBuildConfiguration;
			buildSettings = {
				ALWAYS_SEARCH_USER_PATHS = NO;
				CLANG_ANALYZER_NONNULL = YES;
				CLANG_ANALYZER_NUMBER_OBJECT_CONVERSION = YES_AGGRESSIVE;
				CLANG_CXX_LANGUAGE_STANDARD = "gnu++14";
				CLANG_CXX_LIBRARY = "libc++";
				CLANG_ENABLE_MODULES = YES;
				CLANG_ENABLE_OBJC_ARC = YES;
				CLANG_ENABLE_OBJC_WEAK = YES;
				CLANG_WARN_BLOCK_CAPTURE_AUTORELEASING = YES;
				CLANG_WARN_BOOL_CONVERSION = YES;
				CLANG_WARN_COMMA = YES;
				CLANG_WARN_CONSTANT_CONVERSION = YES;
				CLANG_WARN_DEPRECATED_OBJC_IMPLEMENTATIONS = YES;
				CLANG_WARN_DIRECT_OBJC_ISA_USAGE = YES_ERROR;
				CLANG_WARN_DOCUMENTATION_COMMENTS = YES;
				CLANG_WARN_EMPTY_BODY = YES;
				CLANG_WARN_ENUM_CONVERSION = YES;
				CLANG_WARN_INFINITE_RECURSION = YES;
				CLANG_WARN_INT_CONVERSION = YES;
				CLANG_WARN_NON_LITERAL_NULL_CONVERSION = YES;
				CLANG_WARN_OBJC_IMPLICIT_RETAIN_SELF = YES;
				CLANG_WARN_OBJC_LITERAL_CONVERSION = YES;
				CLANG_WARN_OBJC_ROOT_CLASS = YES_ERROR;
				CLANG_WARN_RANGE_LOOP_ANALYSIS = YES;
				CLANG_WARN_STRICT_PROTOTYPES = YES;
				CLANG_WARN_SUSPICIOUS_MOVE = YES;
				CLANG_WARN_UNGUARDED_AVAILABILITY = YES_AGGRESSIVE;
				CLANG_WARN_UNREACHABLE_CODE = YES;
				CLANG_WARN__DUPLICATE_METHOD_MATCH = YES;
				COPY_PHASE_STRIP = NO;
				CURRENT_PROJECT_VERSION = 1;
				DEBUG_INFORMATION_FORMAT = "dwarf-with-dsym";
				ENABLE_NS_ASSERTIONS = NO;
				ENABLE_STRICT_OBJC_MSGSEND = YES;
				GCC_C_LANGUAGE_STANDARD = gnu11;
				GCC_NO_COMMON_BLOCKS = YES;
				GCC_WARN_64_TO_32_BIT_CONVERSION = YES;
				GCC_WARN_ABOUT_RETURN_TYPE = YES_ERROR;
				GCC_WARN_UNDECLARED_SELECTOR = YES;
				GCC_WARN_UNINITIALIZED_AUTOS = YES_AGGRESSIVE;
				GCC_WARN_UNUSED_FUNCTION = YES;
				GCC_WARN_UNUSED_VARIABLE = YES;
				IPHONEOS_DEPLOYMENT_TARGET = 13.4;
				MTL_ENABLE_DEBUG_INFO = NO;
				MTL_FAST_MATH = YES;
				SDKROOT = iphoneos;
				SWIFT_COMPILATION_MODE = wholemodule;
				SWIFT_OPTIMIZATION_LEVEL = "-O";
				VALIDATE_PRODUCT = YES;
				VERSIONING_SYSTEM = "apple-generic";
				VERSION_INFO_PREFIX = "";
			};
			name = Release;
		};
		4168FB05248C5D4700CD8FB5 /* Debug */ = {
			isa = XCBuildConfiguration;
			buildSettings = {
				CODE_SIGN_STYLE = Automatic;
				DEFINES_MODULE = YES;
				DEVELOPMENT_TEAM = MLDJM8453C;
				DYLIB_COMPATIBILITY_VERSION = 1;
				DYLIB_CURRENT_VERSION = 1;
				DYLIB_INSTALL_NAME_BASE = "@rpath";
				FRAMEWORK_SEARCH_PATHS = (
					"$(inherited)",
					"$(PROJECT_DIR)/Carthage/Build/iOS",
				);
				INFOPLIST_FILE = "$(SRCROOT)/Sources/ComposableArchitecture/Info.plist";
				INSTALL_PATH = "$(LOCAL_LIBRARY_DIR)/Frameworks";
				IPHONEOS_DEPLOYMENT_TARGET = 10.0;
				LD_RUNPATH_SEARCH_PATHS = (
					"$(inherited)",
					"@executable_path/Frameworks",
					"@loader_path/Frameworks",
				);
				OTHER_LDFLAGS = (
					"-weak_framework",
					Combine,
				);
				PRODUCT_BUNDLE_IDENTIFIER = com.bioche.ComposableArchitecture;
				PRODUCT_NAME = "$(TARGET_NAME:c99extidentifier)";
				SKIP_INSTALL = YES;
				SWIFT_VERSION = 5.0;
				TARGETED_DEVICE_FAMILY = "1,2";
			};
			name = Debug;
		};
		4168FB06248C5D4700CD8FB5 /* Release */ = {
			isa = XCBuildConfiguration;
			buildSettings = {
				CODE_SIGN_STYLE = Automatic;
				DEFINES_MODULE = YES;
				DEVELOPMENT_TEAM = MLDJM8453C;
				DYLIB_COMPATIBILITY_VERSION = 1;
				DYLIB_CURRENT_VERSION = 1;
				DYLIB_INSTALL_NAME_BASE = "@rpath";
				FRAMEWORK_SEARCH_PATHS = (
					"$(inherited)",
					"$(PROJECT_DIR)/Carthage/Build/iOS",
				);
				INFOPLIST_FILE = "$(SRCROOT)/Sources/ComposableArchitecture/Info.plist";
				INSTALL_PATH = "$(LOCAL_LIBRARY_DIR)/Frameworks";
				IPHONEOS_DEPLOYMENT_TARGET = 10.0;
				LD_RUNPATH_SEARCH_PATHS = (
					"$(inherited)",
					"@executable_path/Frameworks",
					"@loader_path/Frameworks",
				);
				OTHER_LDFLAGS = (
					"-weak_framework",
					Combine,
				);
				PRODUCT_BUNDLE_IDENTIFIER = com.bioche.ComposableArchitecture;
				PRODUCT_NAME = "$(TARGET_NAME:c99extidentifier)";
				SKIP_INSTALL = YES;
				SWIFT_VERSION = 5.0;
				TARGETED_DEVICE_FAMILY = "1,2";
			};
			name = Release;
		};
/* End XCBuildConfiguration section */

/* Begin XCConfigurationList section */
		41626030248D2CBA003FCAA8 /* Build configuration list for PBXNativeTarget "ComposableCoreLocation" */ = {
			isa = XCConfigurationList;
			buildConfigurations = (
				4162602E248D2CBA003FCAA8 /* Debug */,
				4162602F248D2CBA003FCAA8 /* Release */,
			);
			defaultConfigurationIsVisible = 0;
			defaultConfigurationName = Release;
		};
		4162607C248D49CA003FCAA8 /* Build configuration list for PBXNativeTarget "ComposableArchitectureTests" */ = {
			isa = XCConfigurationList;
			buildConfigurations = (
				4162607D248D49CA003FCAA8 /* Debug */,
				4162607E248D49CA003FCAA8 /* Release */,
			);
			defaultConfigurationIsVisible = 0;
			defaultConfigurationName = Release;
		};
		41626097248D4B98003FCAA8 /* Build configuration list for PBXNativeTarget "ComposableCoreLocationTests" */ = {
			isa = XCConfigurationList;
			buildConfigurations = (
				41626098248D4B98003FCAA8 /* Debug */,
				41626099248D4B98003FCAA8 /* Release */,
			);
			defaultConfigurationIsVisible = 0;
			defaultConfigurationName = Release;
		};
		4168FAF6248C5D4700CD8FB5 /* Build configuration list for PBXProject "ComposableArchitecture" */ = {
			isa = XCConfigurationList;
			buildConfigurations = (
				4168FB02248C5D4700CD8FB5 /* Debug */,
				4168FB03248C5D4700CD8FB5 /* Release */,
			);
			defaultConfigurationIsVisible = 0;
			defaultConfigurationName = Release;
		};
		4168FB04248C5D4700CD8FB5 /* Build configuration list for PBXNativeTarget "ComposableArchitecture" */ = {
			isa = XCConfigurationList;
			buildConfigurations = (
				4168FB05248C5D4700CD8FB5 /* Debug */,
				4168FB06248C5D4700CD8FB5 /* Release */,
			);
			defaultConfigurationIsVisible = 0;
			defaultConfigurationName = Release;
		};
/* End XCConfigurationList section */
	};
	rootObject = 4168FAF3248C5D4700CD8FB5 /* Project object */;
}
